version = 1
revision = 3
requires-python = ">=3.14.7"

[[package]]
name = "minecraft-utility"
version = "0.1.0"
source = { virtual = "." }
dependencies = [
    { name = "nbtlib" },
]

[package.metadata]
requires-dist = [{ name = "nbtlib", specifier = ">=2.0.4" }]

[[package]]
name = "nbtlib"
version = "2.0.4"
source = { registry = "https://pypi.org/simple" }
dependencies = [
    { name = "numpy" },
]
sdist = { url = "https://files.pythonhosted.org/packages/61/b1/4ed5ac509bad0ed70631f3f3edcbbfd8b6879c919763ed1b3cff11e6ff43/nbtlib-2.0.4.tar.gz", hash = "sha256:d4b861047fb9beb546a2e3f3b776dc61b0fb5831375752a39961882e2f76cc93", size = 29384, upload-time = "2021-11-25T01:06:29.338Z" }
wheels = [
    { url = "https://files.pythonhosted.org/packages/7f/10/5669f4e5fa24706fa44b2e28e4362429665a8d26f3c18eda7233f1a01772/nbtlib-2.0.4-py3-none-any.whl", hash = "sha256:38d571fbf2f7ebd640639461b47fc79919a8ea8e74633ffcc8aa6b2acfc9c889", size = 28699, upload-time = "2021-11-25T01:06:27.679Z" },
]

[[package]]
name = "numpy"
version = "2.3.1"
source = { registry = "https://pypi.org/simple" }
sdist = { url = "https://files.pythonhosted.org/packages/2e/19/d7c972dfe90a353dbd3efbbe1d14a5951de80c99c9dc1b93cd998d51dc0f/numpy-2.3.1.tar.gz", hash = "sha256:1ec9ae20a4226da374362cca3c62cd753faf2f951440b0e3b98e93c235441d2b", size = 20390372, upload-time = "2025-06-21T12:28:33.469Z" }
